// !$*UTF8*$!
{
	archiveVersion = 1;
	classes = {
	};
	objectVersion = 46;
	objects = {

/* Begin PBXBuildFile section */
		24A02563194AC53100071440 /* AppDelegate.swift in Sources */ = {isa = PBXBuildFile; fileRef = 24A02562194AC53100071440 /* AppDelegate.swift */; };
		24A02565194AC53100071440 /* ViewController.swift in Sources */ = {isa = PBXBuildFile; fileRef = 24A02564194AC53100071440 /* ViewController.swift */; };
		24A02568194AC53100071440 /* Main.storyboard in Resources */ = {isa = PBXBuildFile; fileRef = 24A02566194AC53100071440 /* Main.storyboard */; };
		24A0256A194AC53100071440 /* Images.xcassets in Resources */ = {isa = PBXBuildFile; fileRef = 24A02569194AC53100071440 /* Images.xcassets */; };
		24A02576194AC53100071440 /* SwiftPageScrollTests.swift in Sources */ = {isa = PBXBuildFile; fileRef = 24A02575194AC53100071440 /* SwiftPageScrollTests.swift */; };
/* End PBXBuildFile section */

/* Begin PBXContainerItemProxy section */
		24A02570194AC53100071440 /* PBXContainerItemProxy */ = {
			isa = PBXContainerItemProxy;
			containerPortal = 24A02555194AC53100071440 /* Project object */;
			proxyType = 1;
			remoteGlobalIDString = 24A0255C194AC53100071440;
			remoteInfo = SwiftPageScroll;
		};
/* End PBXContainerItemProxy section */

/* Begin PBXFileReference section */
		24A0255D194AC53100071440 /* SwiftPageScroll.app */ = {isa = PBXFileReference; explicitFileType = wrapper.application; includeInIndex = 0; path = SwiftPageScroll.app; sourceTree = BUILT_PRODUCTS_DIR; };
		24A02561194AC53100071440 /* Info.plist */ = {isa = PBXFileReference; lastKnownFileType = text.plist.xml; path = Info.plist; sourceTree = "<group>"; };
		24A02562194AC53100071440 /* AppDelegate.swift */ = {isa = PBXFileReference; lastKnownFileType = sourcecode.swift; path = AppDelegate.swift; sourceTree = "<group>"; };
		24A02564194AC53100071440 /* ViewController.swift */ = {isa = PBXFileReference; lastKnownFileType = sourcecode.swift; path = ViewController.swift; sourceTree = "<group>"; };
		24A02567194AC53100071440 /* Base */ = {isa = PBXFileReference; lastKnownFileType = file.storyboard; name = Base; path = Base.lproj/Main.storyboard; sourceTree = "<group>"; };
		24A02569194AC53100071440 /* Images.xcassets */ = {isa = PBXFileReference; lastKnownFileType = folder.assetcatalog; path = Images.xcassets; sourceTree = "<group>"; };
		24A0256F194AC53100071440 /* SwiftPageScrollTests.xctest */ = {isa = PBXFileReference; explicitFileType = wrapper.cfbundle; includeInIndex = 0; path = SwiftPageScrollTests.xctest; sourceTree = BUILT_PRODUCTS_DIR; };
		24A02574194AC53100071440 /* Info.plist */ = {isa = PBXFileReference; lastKnownFileType = text.plist.xml; path = Info.plist; sourceTree = "<group>"; };
		24A02575194AC53100071440 /* SwiftPageScrollTests.swift */ = {isa = PBXFileReference; lastKnownFileType = sourcecode.swift; path = SwiftPageScrollTests.swift; sourceTree = "<group>"; };
/* End PBXFileReference section */

/* Begin PBXFrameworksBuildPhase section */
		24A0255A194AC53100071440 /* Frameworks */ = {
			isa = PBXFrameworksBuildPhase;
			buildActionMask = 2147483647;
			files = (
			);
			runOnlyForDeploymentPostprocessing = 0;
		};
		24A0256C194AC53100071440 /* Frameworks */ = {
			isa = PBXFrameworksBuildPhase;
			buildActionMask = 2147483647;
			files = (
			);
			runOnlyForDeploymentPostprocessing = 0;
		};
/* End PBXFrameworksBuildPhase section */

/* Begin PBXGroup section */
		24A02554194AC53100071440 = {
			isa = PBXGroup;
			children = (
				24A0255F194AC53100071440 /* SwiftPageScroll */,
				24A02572194AC53100071440 /* SwiftPageScrollTests */,
				24A0255E194AC53100071440 /* Products */,
			);
			sourceTree = "<group>";
		};
		24A0255E194AC53100071440 /* Products */ = {
			isa = PBXGroup;
			children = (
				24A0255D194AC53100071440 /* SwiftPageScroll.app */,
				24A0256F194AC53100071440 /* SwiftPageScrollTests.xctest */,
			);
			name = Products;
			sourceTree = "<group>";
		};
		24A0255F194AC53100071440 /* SwiftPageScroll */ = {
			isa = PBXGroup;
			children = (
				24A02562194AC53100071440 /* AppDelegate.swift */,
				24A02564194AC53100071440 /* ViewController.swift */,
				24A02566194AC53100071440 /* Main.storyboard */,
				24A02569194AC53100071440 /* Images.xcassets */,
				24A02560194AC53100071440 /* Supporting Files */,
			);
			path = SwiftPageScroll;
			sourceTree = "<group>";
		};
		24A02560194AC53100071440 /* Supporting Files */ = {
			isa = PBXGroup;
			children = (
				24A02561194AC53100071440 /* Info.plist */,
			);
			name = "Supporting Files";
			sourceTree = "<group>";
		};
		24A02572194AC53100071440 /* SwiftPageScrollTests */ = {
			isa = PBXGroup;
			children = (
				24A02575194AC53100071440 /* SwiftPageScrollTests.swift */,
				24A02573194AC53100071440 /* Supporting Files */,
			);
			path = SwiftPageScrollTests;
			sourceTree = "<group>";
		};
		24A02573194AC53100071440 /* Supporting Files */ = {
			isa = PBXGroup;
			children = (
				24A02574194AC53100071440 /* Info.plist */,
			);
			name = "Supporting Files";
			sourceTree = "<group>";
		};
/* End PBXGroup section */

/* Begin PBXNativeTarget section */
		24A0255C194AC53100071440 /* SwiftPageScroll */ = {
			isa = PBXNativeTarget;
			buildConfigurationList = 24A02579194AC53100071440 /* Build configuration list for PBXNativeTarget "SwiftPageScroll" */;
			buildPhases = (
				24A02559194AC53100071440 /* Sources */,
				24A0255A194AC53100071440 /* Frameworks */,
				24A0255B194AC53100071440 /* Resources */,
			);
			buildRules = (
			);
			dependencies = (
			);
			name = SwiftPageScroll;
			productName = SwiftPageScroll;
			productReference = 24A0255D194AC53100071440 /* SwiftPageScroll.app */;
			productType = "com.apple.product-type.application";
		};
		24A0256E194AC53100071440 /* SwiftPageScrollTests */ = {
			isa = PBXNativeTarget;
			buildConfigurationList = 24A0257C194AC53100071440 /* Build configuration list for PBXNativeTarget "SwiftPageScrollTests" */;
			buildPhases = (
				24A0256B194AC53100071440 /* Sources */,
				24A0256C194AC53100071440 /* Frameworks */,
				24A0256D194AC53100071440 /* Resources */,
			);
			buildRules = (
			);
			dependencies = (
				24A02571194AC53100071440 /* PBXTargetDependency */,
			);
			name = SwiftPageScrollTests;
			productName = SwiftPageScrollTests;
			productReference = 24A0256F194AC53100071440 /* SwiftPageScrollTests.xctest */;
			productType = "com.apple.product-type.bundle.unit-test";
		};
/* End PBXNativeTarget section */

/* Begin PBXProject section */
		24A02555194AC53100071440 /* Project object */ = {
			isa = PBXProject;
			attributes = {
				LastUpgradeCheck = 0600;
				ORGANIZATIONNAME = DehengXu;
				TargetAttributes = {
					24A0255C194AC53100071440 = {
						CreatedOnToolsVersion = 6.0;
					};
					24A0256E194AC53100071440 = {
						CreatedOnToolsVersion = 6.0;
						TestTargetID = 24A0255C194AC53100071440;
					};
				};
			};
			buildConfigurationList = 24A02558194AC53100071440 /* Build configuration list for PBXProject "SwiftPageScroll" */;
			compatibilityVersion = "Xcode 3.2";
			developmentRegion = English;
			hasScannedForEncodings = 0;
			knownRegions = (
				en,
				Base,
			);
			mainGroup = 24A02554194AC53100071440;
			productRefGroup = 24A0255E194AC53100071440 /* Products */;
			projectDirPath = "";
			projectRoot = "";
			targets = (
				24A0255C194AC53100071440 /* SwiftPageScroll */,
				24A0256E194AC53100071440 /* SwiftPageScrollTests */,
			);
		};
/* End PBXProject section */

/* Begin PBXResourcesBuildPhase section */
		24A0255B194AC53100071440 /* Resources */ = {
			isa = PBXResourcesBuildPhase;
			buildActionMask = 2147483647;
			files = (
				24A02568194AC53100071440 /* Main.storyboard in Resources */,
				24A0256A194AC53100071440 /* Images.xcassets in Resources */,
			);
			runOnlyForDeploymentPostprocessing = 0;
		};
		24A0256D194AC53100071440 /* Resources */ = {
			isa = PBXResourcesBuildPhase;
			buildActionMask = 2147483647;
			files = (
			);
			runOnlyForDeploymentPostprocessing = 0;
		};
/* End PBXResourcesBuildPhase section */

/* Begin PBXSourcesBuildPhase section */
		24A02559194AC53100071440 /* Sources */ = {
			isa = PBXSourcesBuildPhase;
			buildActionMask = 2147483647;
			files = (
				24A02565194AC53100071440 /* ViewController.swift in Sources */,
				24A02563194AC53100071440 /* AppDelegate.swift in Sources */,
			);
			runOnlyForDeploymentPostprocessing = 0;
		};
		24A0256B194AC53100071440 /* Sources */ = {
			isa = PBXSourcesBuildPhase;
			buildActionMask = 2147483647;
			files = (
				24A02576194AC53100071440 /* SwiftPageScrollTests.swift in Sources */,
			);
			runOnlyForDeploymentPostprocessing = 0;
		};
/* End PBXSourcesBuildPhase section */

/* Begin PBXTargetDependency section */
		24A02571194AC53100071440 /* PBXTargetDependency */ = {
			isa = PBXTargetDependency;
			target = 24A0255C194AC53100071440 /* SwiftPageScroll */;
			targetProxy = 24A02570194AC53100071440 /* PBXContainerItemProxy */;
		};
/* End PBXTargetDependency section */

/* Begin PBXVariantGroup section */
		24A02566194AC53100071440 /* Main.storyboard */ = {
			isa = PBXVariantGroup;
			children = (
				24A02567194AC53100071440 /* Base */,
			);
			name = Main.storyboard;
			sourceTree = "<group>";
		};
/* End PBXVariantGroup section */

/* Begin XCBuildConfiguration section */
		24A02577194AC53100071440 /* Debug */ = {
			isa = XCBuildConfiguration;
			buildSettings = {
				ALWAYS_SEARCH_USER_PATHS = NO;
				CLANG_CXX_LANGUAGE_STANDARD = "gnu++0x";
				CLANG_CXX_LIBRARY = "libc++";
				CLANG_ENABLE_MODULES = YES;
				CLANG_ENABLE_OBJC_ARC = YES;
				CLANG_WARN_BOOL_CONVERSION = YES;
				CLANG_WARN_CONSTANT_CONVERSION = YES;
				CLANG_WARN_DIRECT_OBJC_ISA_USAGE = YES_ERROR;
				CLANG_WARN_EMPTY_BODY = YES;
				CLANG_WARN_ENUM_CONVERSION = YES;
				CLANG_WARN_INT_CONVERSION = YES;
				CLANG_WARN_OBJC_ROOT_CLASS = YES_ERROR;
				CLANG_WARN_UNREACHABLE_CODE = YES;
				CLANG_WARN__DUPLICATE_METHOD_MATCH = YES;
				"CODE_SIGN_IDENTITY[sdk=iphoneos*]" = "iPhone Developer";
				COPY_PHASE_STRIP = NO;
				ENABLE_STRICT_OBJC_MSGSEND = YES;
				GCC_C_LANGUAGE_STANDARD = gnu99;
				GCC_DYNAMIC_NO_PIC = NO;
				GCC_OPTIMIZATION_LEVEL = 0;
				GCC_PREPROCESSOR_DEFINITIONS = (
					"DEBUG=1",
					"$(inherited)",
				);
				GCC_SYMBOLS_PRIVATE_EXTERN = NO;
				GCC_WARN_64_TO_32_BIT_CONVERSION = YES;
				GCC_WARN_ABOUT_RETURN_TYPE = YES_ERROR;
				GCC_WARN_UNDECLARED_SELECTOR = YES;
				GCC_WARN_UNINITIALIZED_AUTOS = YES_AGGRESSIVE;
				GCC_WARN_UNUSED_FUNCTION = YES;
				GCC_WARN_UNUSED_VARIABLE = YES;
				IPHONEOS_DEPLOYMENT_TARGET = 8.0;
				METAL_ENABLE_DEBUG_INFO = YES;
				ONLY_ACTIVE_ARCH = YES;
				SDKROOT = iphoneos;
				SWIFT_OPTIMIZATION_LEVEL = "-Onone";
				TARGETED_DEVICE_FAMILY = "1,2";
			};
			name = Debug;
		};
		24A02578194AC53100071440 /* Release */ = {
			isa = XCBuildConfiguration;
			buildSettings = {
				ALWAYS_SEARCH_USER_PATHS = NO;
				CLANG_CXX_LANGUAGE_STANDARD = "gnu++0x";
				CLANG_CXX_LIBRARY = "libc++";
				CLANG_ENABLE_MODULES = YES;
				CLANG_ENABLE_OBJC_ARC = YES;
				CLANG_WARN_BOOL_CONVERSION = YES;
				CLANG_WARN_CONSTANT_CONVERSION = YES;
				CLANG_WARN_DIRECT_OBJC_ISA_USAGE = YES_ERROR;
				CLANG_WARN_EMPTY_BODY = YES;
				CLANG_WARN_ENUM_CONVERSION = YES;
				CLANG_WARN_INT_CONVERSION = YES;
				CLANG_WARN_OBJC_ROOT_CLASS = YES_ERROR;
				CLANG_WARN_UNREACHABLE_CODE = YES;
				CLANG_WARN__DUPLICATE_METHOD_MATCH = YES;
				"CODE_SIGN_IDENTITY[sdk=iphoneos*]" = "iPhone Developer";
				COPY_PHASE_STRIP = YES;
				ENABLE_NS_ASSERTIONS = NO;
				ENABLE_STRICT_OBJC_MSGSEND = YES;
				GCC_C_LANGUAGE_STANDARD = gnu99;
				GCC_WARN_64_TO_32_BIT_CONVERSION = YES;
				GCC_WARN_ABOUT_RETURN_TYPE = YES_ERROR;
				GCC_WARN_UNDECLARED_SELECTOR = YES;
				GCC_WARN_UNINITIALIZED_AUTOS = YES_AGGRESSIVE;
				GCC_WARN_UNUSED_FUNCTION = YES;
				GCC_WARN_UNUSED_VARIABLE = YES;
				IPHONEOS_DEPLOYMENT_TARGET = 8.0;
				METAL_ENABLE_DEBUG_INFO = NO;
				SDKROOT = iphoneos;
				TARGETED_DEVICE_FAMILY = "1,2";
				VALIDATE_PRODUCT = YES;
			};
			name = Release;
		};
		24A0257A194AC53100071440 /* Debug */ = {
			isa = XCBuildConfiguration;
			buildSettings = {
				ASSETCATALOG_COMPILER_APPICON_NAME = AppIcon;
				ASSETCATALOG_COMPILER_LAUNCHIMAGE_NAME = LaunchImage;
				INFOPLIST_FILE = SwiftPageScroll/Info.plist;
				LD_RUNPATH_SEARCH_PATHS = "$(inherited) @executable_path/Frameworks";
				PRODUCT_NAME = "$(TARGET_NAME)";
			};
			name = Debug;
		};
		24A0257B194AC53100071440 /* Release */ = {
			isa = XCBuildConfiguration;
			buildSettings = {
				ASSETCATALOG_COMPILER_APPICON_NAME = AppIcon;
				ASSETCATALOG_COMPILER_LAUNCHIMAGE_NAME = LaunchImage;
				INFOPLIST_FILE = SwiftPageScroll/Info.plist;
				LD_RUNPATH_SEARCH_PATHS = "$(inherited) @executable_path/Frameworks";
				PRODUCT_NAME = "$(TARGET_NAME)";
			};
			name = Release;
		};
		24A0257D194AC53100071440 /* Debug */ = {
			isa = XCBuildConfiguration;
			buildSettings = {
				BUNDLE_LOADER = "$(BUILT_PRODUCTS_DIR)/SwiftPageScroll.app/SwiftPageScroll";
				FRAMEWORK_SEARCH_PATHS = (
					"$(SDKROOT)/Developer/Library/Frameworks",
					"$(inherited)",
				);
				GCC_PREPROCESSOR_DEFINITIONS = (
					"DEBUG=1",
					"$(inherited)",
				);
				INFOPLIST_FILE = SwiftPageScrollTests/Info.plist;
				LD_RUNPATH_SEARCH_PATHS = "$(inherited) @executable_path/Frameworks @loader_path/Frameworks";
				METAL_ENABLE_DEBUG_INFO = YES;
				PRODUCT_NAME = "$(TARGET_NAME)";
				TEST_HOST = "$(BUNDLE_LOADER)";
			};
			name = Debug;
		};
		24A0257E194AC53100071440 /* Release */ = {
			isa = XCBuildConfiguration;
			buildSettings = {
				BUNDLE_LOADER = "$(BUILT_PRODUCTS_DIR)/SwiftPageScroll.app/SwiftPageScroll";
				FRAMEWORK_SEARCH_PATHS = (
					"$(SDKROOT)/Developer/Library/Frameworks",
					"$(inherited)",
				);
				INFOPLIST_FILE = SwiftPageScrollTests/Info.plist;
				LD_RUNPATH_SEARCH_PATHS = "$(inherited) @executable_path/Frameworks @loader_path/Frameworks";
				METAL_ENABLE_DEBUG_INFO = NO;
				PRODUCT_NAME = "$(TARGET_NAME)";
				TEST_HOST = "$(BUNDLE_LOADER)";
			};
			name = Release;
		};
/* End XCBuildConfiguration section */

/* Begin XCConfigurationList section */
		24A02558194AC53100071440 /* Build configuration list for PBXProject "SwiftPageScroll" */ = {
			isa = XCConfigurationList;
			buildConfigurations = (
				24A02577194AC53100071440 /* Debug */,
				24A02578194AC53100071440 /* Release */,
			);
			defaultConfigurationIsVisible = 0;
			defaultConfigurationName = Release;
		};
		24A02579194AC53100071440 /* Build configuration list for PBXNativeTarget "SwiftPageScroll" */ = {
			isa = XCConfigurationList;
			buildConfigurations = (
				24A0257A194AC53100071440 /* Debug */,
				24A0257B194AC53100071440 /* Release */,
			);
			defaultConfigurationIsVisible = 0;
		};
		24A0257C194AC53100071440 /* Build configuration list for PBXNativeTarget "SwiftPageScrollTests" */ = {
			isa = XCConfigurationList;
			buildConfigurations = (
				24A0257D194AC53100071440 /* Debug */,
				24A0257E194AC53100071440 /* Release */,
			);
			defaultConfigurationIsVisible = 0;
		};
/* End XCConfigurationList section */
	};
	rootObject = 24A02555194AC53100071440 /* Project object */;
}
